
Microsoft Visual Studio Solution File, Format Version 12.00
# Visual Studio 15
VisualStudioVersion = 15.0.26730.12
MinimumVisualStudioVersion = 10.0.40219.1
Project("{8BC9CEB8-8B4A-11D0-8D11-00A0C91BC942}") = "player", "player\player.vcxproj", "{BF5ECF4B-3593-433B-9EFE-EC09A9C59654}"
EndProject
Global
	GlobalSection(SolutionConfigurationPlatforms) = preSolution
		Debug|x64 = Debug|x64
		Debug|x86 = Debug|x86
		Release|x64 = Release|x64
		Release|x86 = Release|x86
	EndGlobalSection
	GlobalSection(ProjectConfigurationPlatforms) = postSolution
		{BF5ECF4B-3593-433B-9EFE-EC09A9C59654}.Debug|x64.ActiveCfg = Debug|x64
		{BF5ECF4B-3593-433B-9EFE-EC09A9C59654}.Debug|x64.Build.0 = Debug|x64
		{BF5ECF4B-3593-433B-9EFE-EC09A9C59654}.Debug|x86.ActiveCfg = Debug|Win32
		{BF5ECF4B-3593-433B-9EFE-EC09A9C59654}.Debug|x86.Build.0 = Debug|Win32
		{BF5ECF4B-3593-433B-9EFE-EC09A9C59654}.Release|x64.ActiveCfg = Release|x64
		{BF5ECF4B-3593-433B-9EFE-EC09A9C59654}.Release|x64.Build.0 = Release|x64
		{BF5ECF4B-3593-433B-9EFE-EC09A9C59654}.Release|x86.ActiveCfg = Release|Win32
		{BF5ECF4B-3593-433B-9EFE-EC09A9C59654}.Release|x86.Build.0 = Release|Win32
	EndGlobalSection
	GlobalSection(SolutionProperties) = preSolution
		HideSolutionNode = FALSE
	EndGlobalSection
	GlobalSection(ExtensibilityGlobals) = postSolution
		SolutionGuid = {16FD895A-24F6-4397-B980-5802D59A88C2}
	EndGlobalSection
EndGlobal
